// !$*UTF8*$!
{
	archiveVersion = 1;
	classes = {
	};
	objectVersion = 46;
	objects = {

/* Begin PBXBuildFile section */
		232628D71B29CC1400133678 /* CustomTableViewCell.m in Sources */ = {isa = PBXBuildFile; fileRef = 232628D61B29CC1400133678 /* CustomTableViewCell.m */; };
		232628DD1B29CC1D00133678 /* ShowBigImageViewController.m in Sources */ = {isa = PBXBuildFile; fileRef = 232628DA1B29CC1D00133678 /* ShowBigImageViewController.m */; };
		232628DE1B29CC1D00133678 /* ViewController.m in Sources */ = {isa = PBXBuildFile; fileRef = 232628DC1B29CC1D00133678 /* ViewController.m */; };
		232628E11B29CC5100133678 /* NSArray+Json.m in Sources */ = {isa = PBXBuildFile; fileRef = 232628E01B29CC5100133678 /* NSArray+Json.m */; };
		23C330131B295373003DBFC0 /* main.m in Sources */ = {isa = PBXBuildFile; fileRef = 23C330121B295373003DBFC0 /* main.m */; };
		23C330161B295373003DBFC0 /* AppDelegate.m in Sources */ = {isa = PBXBuildFile; fileRef = 23C330151B295373003DBFC0 /* AppDelegate.m */; };
		23C3301C1B295373003DBFC0 /* Main.storyboard in Resources */ = {isa = PBXBuildFile; fileRef = 23C3301A1B295373003DBFC0 /* Main.storyboard */; };
		23C3301E1B295373003DBFC0 /* Images.xcassets in Resources */ = {isa = PBXBuildFile; fileRef = 23C3301D1B295373003DBFC0 /* Images.xcassets */; };
		23C330211B295373003DBFC0 /* LaunchScreen.xib in Resources */ = {isa = PBXBuildFile; fileRef = 23C3301F1B295373003DBFC0 /* LaunchScreen.xib */; };
		23C3302D1B295373003DBFC0 /* ParseJsonContentTests.m in Sources */ = {isa = PBXBuildFile; fileRef = 23C3302C1B295373003DBFC0 /* ParseJsonContentTests.m */; };
/* End PBXBuildFile section */

/* Begin PBXContainerItemProxy section */
		23C330271B295373003DBFC0 /* PBXContainerItemProxy */ = {
			isa = PBXContainerItemProxy;
			containerPortal = 23C330051B295373003DBFC0 /* Project object */;
			proxyType = 1;
			remoteGlobalIDString = 23C3300C1B295373003DBFC0;
			remoteInfo = ParseJsonContent;
		};
/* End PBXContainerItemProxy section */

/* Begin PBXFileReference section */
		232628D51B29CC1400133678 /* CustomTableViewCell.h */ = {isa = PBXFileReference; fileEncoding = 4; lastKnownFileType = sourcecode.c.h; path = CustomTableViewCell.h; sourceTree = "<group>"; };
		232628D61B29CC1400133678 /* CustomTableViewCell.m */ = {isa = PBXFileReference; fileEncoding = 4; lastKnownFileType = sourcecode.c.objc; path = CustomTableViewCell.m; sourceTree = "<group>"; };
		232628D91B29CC1D00133678 /* ShowBigImageViewController.h */ = {isa = PBXFileReference; fileEncoding = 4; lastKnownFileType = sourcecode.c.h; path = ShowBigImageViewController.h; sourceTree = "<group>"; };
		232628DA1B29CC1D00133678 /* ShowBigImageViewController.m */ = {isa = PBXFileReference; fileEncoding = 4; lastKnownFileType = sourcecode.c.objc; path = ShowBigImageViewController.m; sourceTree = "<group>"; };
		232628DB1B29CC1D00133678 /* ViewController.h */ = {isa = PBXFileReference; fileEncoding = 4; lastKnownFileType = sourcecode.c.h; path = ViewController.h; sourceTree = "<group>"; };
		232628DC1B29CC1D00133678 /* ViewController.m */ = {isa = PBXFileReference; fileEncoding = 4; lastKnownFileType = sourcecode.c.objc; path = ViewController.m; sourceTree = "<group>"; };
		232628DF1B29CC5100133678 /* NSArray+Json.h */ = {isa = PBXFileReference; fileEncoding = 4; lastKnownFileType = sourcecode.c.h; path = "NSArray+Json.h"; sourceTree = "<group>"; };
		232628E01B29CC5100133678 /* NSArray+Json.m */ = {isa = PBXFileReference; fileEncoding = 4; lastKnownFileType = sourcecode.c.objc; path = "NSArray+Json.m"; sourceTree = "<group>"; };
		23C3300D1B295373003DBFC0 /* ParseJsonContent.app */ = {isa = PBXFileReference; explicitFileType = wrapper.application; includeInIndex = 0; path = ParseJsonContent.app; sourceTree = BUILT_PRODUCTS_DIR; };
		23C330111B295373003DBFC0 /* Info.plist */ = {isa = PBXFileReference; lastKnownFileType = text.plist.xml; path = Info.plist; sourceTree = "<group>"; };
		23C330121B295373003DBFC0 /* main.m */ = {isa = PBXFileReference; lastKnownFileType = sourcecode.c.objc; path = main.m; sourceTree = "<group>"; };
		23C330141B295373003DBFC0 /* AppDelegate.h */ = {isa = PBXFileReference; lastKnownFileType = sourcecode.c.h; path = AppDelegate.h; sourceTree = "<group>"; };
		23C330151B295373003DBFC0 /* AppDelegate.m */ = {isa = PBXFileReference; lastKnownFileType = sourcecode.c.objc; path = AppDelegate.m; sourceTree = "<group>"; };
		23C3301B1B295373003DBFC0 /* Base */ = {isa = PBXFileReference; lastKnownFileType = file.storyboard; name = Base; path = Base.lproj/Main.storyboard; sourceTree = "<group>"; };
		23C3301D1B295373003DBFC0 /* Images.xcassets */ = {isa = PBXFileReference; lastKnownFileType = folder.assetcatalog; path = Images.xcassets; sourceTree = "<group>"; };
		23C330201B295373003DBFC0 /* Base */ = {isa = PBXFileReference; lastKnownFileType = file.xib; name = Base; path = Base.lproj/LaunchScreen.xib; sourceTree = "<group>"; };
		23C330261B295373003DBFC0 /* ParseJsonContentTests.xctest */ = {isa = PBXFileReference; explicitFileType = wrapper.cfbundle; includeInIndex = 0; path = ParseJsonContentTests.xctest; sourceTree = BUILT_PRODUCTS_DIR; };
		23C3302B1B295373003DBFC0 /* Info.plist */ = {isa = PBXFileReference; lastKnownFileType = text.plist.xml; path = Info.plist; sourceTree = "<group>"; };
		23C3302C1B295373003DBFC0 /* ParseJsonContentTests.m */ = {isa = PBXFileReference; lastKnownFileType = sourcecode.c.objc; path = ParseJsonContentTests.m; sourceTree = "<group>"; };
/* End PBXFileReference section */

/* Begin PBXFrameworksBuildPhase section */
		23C3300A1B295373003DBFC0 /* Frameworks */ = {
			isa = PBXFrameworksBuildPhase;
			buildActionMask = 2147483647;
			files = (
			);
			runOnlyForDeploymentPostprocessing = 0;
		};
		23C330231B295373003DBFC0 /* Frameworks */ = {
			isa = PBXFrameworksBuildPhase;
			buildActionMask = 2147483647;
			files = (
			);
			runOnlyForDeploymentPostprocessing = 0;
		};
/* End PBXFrameworksBuildPhase section */

/* Begin PBXGroup section */
		232628D41B29CC1400133678 /* Helpers */ = {
			isa = PBXGroup;
			children = (
				232628D51B29CC1400133678 /* CustomTableViewCell.h */,
				232628D61B29CC1400133678 /* CustomTableViewCell.m */,
				232628DF1B29CC5100133678 /* NSArray+Json.h */,
				232628E01B29CC5100133678 /* NSArray+Json.m */,
			);
			path = Helpers;
			sourceTree = "<group>";
		};
		232628D81B29CC1D00133678 /* ViewControllers */ = {
			isa = PBXGroup;
			children = (
				232628D91B29CC1D00133678 /* ShowBigImageViewController.h */,
				232628DA1B29CC1D00133678 /* ShowBigImageViewController.m */,
				232628DB1B29CC1D00133678 /* ViewController.h */,
				232628DC1B29CC1D00133678 /* ViewController.m */,
			);
			path = ViewControllers;
			sourceTree = "<group>";
		};
		23C330041B295373003DBFC0 = {
			isa = PBXGroup;
			children = (
				23C3300F1B295373003DBFC0 /* ParseJsonContent */,
				23C330291B295373003DBFC0 /* ParseJsonContentTests */,
				23C3300E1B295373003DBFC0 /* Products */,
			);
			sourceTree = "<group>";
		};
		23C3300E1B295373003DBFC0 /* Products */ = {
			isa = PBXGroup;
			children = (
				23C3300D1B295373003DBFC0 /* ParseJsonContent.app */,
				23C330261B295373003DBFC0 /* ParseJsonContentTests.xctest */,
			);
			name = Products;
			sourceTree = "<group>";
		};
		23C3300F1B295373003DBFC0 /* ParseJsonContent */ = {
			isa = PBXGroup;
			children = (
				232628D81B29CC1D00133678 /* ViewControllers */,
				232628D41B29CC1400133678 /* Helpers */,
				23C330141B295373003DBFC0 /* AppDelegate.h */,
				23C330151B295373003DBFC0 /* AppDelegate.m */,
				23C3301A1B295373003DBFC0 /* Main.storyboard */,
				23C3301D1B295373003DBFC0 /* Images.xcassets */,
				23C3301F1B295373003DBFC0 /* LaunchScreen.xib */,
				23C330101B295373003DBFC0 /* Supporting Files */,
			);
			path = ParseJsonContent;
			sourceTree = "<group>";
		};
		23C330101B295373003DBFC0 /* Supporting Files */ = {
			isa = PBXGroup;
			children = (
				23C330111B295373003DBFC0 /* Info.plist */,
				23C330121B295373003DBFC0 /* main.m */,
			);
			name = "Supporting Files";
			sourceTree = "<group>";
		};
		23C330291B295373003DBFC0 /* ParseJsonContentTests */ = {
			isa = PBXGroup;
			children = (
				23C3302C1B295373003DBFC0 /* ParseJsonContentTests.m */,
				23C3302A1B295373003DBFC0 /* Supporting Files */,
			);
			path = ParseJsonContentTests;
			sourceTree = "<group>";
		};
		23C3302A1B295373003DBFC0 /* Supporting Files */ = {
			isa = PBXGroup;
			children = (
				23C3302B1B295373003DBFC0 /* Info.plist */,
			);
			name = "Supporting Files";
			sourceTree = "<group>";
		};
/* End PBXGroup section */

/* Begin PBXNativeTarget section */
		23C3300C1B295373003DBFC0 /* ParseJsonContent */ = {
			isa = PBXNativeTarget;
			buildConfigurationList = 23C330301B295373003DBFC0 /* Build configuration list for PBXNativeTarget "ParseJsonContent" */;
			buildPhases = (
				23C330091B295373003DBFC0 /* Sources */,
				23C3300A1B295373003DBFC0 /* Frameworks */,
				23C3300B1B295373003DBFC0 /* Resources */,
			);
			buildRules = (
			);
			dependencies = (
			);
			name = ParseJsonContent;
			productName = ParseJsonContent;
			productReference = 23C3300D1B295373003DBFC0 /* ParseJsonContent.app */;
			productType = "com.apple.product-type.application";
		};
		23C330251B295373003DBFC0 /* ParseJsonContentTests */ = {
			isa = PBXNativeTarget;
			buildConfigurationList = 23C330331B295373003DBFC0 /* Build configuration list for PBXNativeTarget "ParseJsonContentTests" */;
			buildPhases = (
				23C330221B295373003DBFC0 /* Sources */,
				23C330231B295373003DBFC0 /* Frameworks */,
				23C330241B295373003DBFC0 /* Resources */,
			);
			buildRules = (
			);
			dependencies = (
				23C330281B295373003DBFC0 /* PBXTargetDependency */,
			);
			name = ParseJsonContentTests;
			productName = ParseJsonContentTests;
			productReference = 23C330261B295373003DBFC0 /* ParseJsonContentTests.xctest */;
			productType = "com.apple.product-type.bundle.unit-test";
		};
/* End PBXNativeTarget section */

/* Begin PBXProject section */
		23C330051B295373003DBFC0 /* Project object */ = {
			isa = PBXProject;
			attributes = {
				LastUpgradeCheck = 0630;
				ORGANIZATIONNAME = Ramona;
				TargetAttributes = {
					23C3300C1B295373003DBFC0 = {
						CreatedOnToolsVersion = 6.3.1;
					};
					23C330251B295373003DBFC0 = {
						CreatedOnToolsVersion = 6.3.1;
						TestTargetID = 23C3300C1B295373003DBFC0;
					};
				};
			};
			buildConfigurationList = 23C330081B295373003DBFC0 /* Build configuration list for PBXProject "ParseJsonContent" */;
			compatibilityVersion = "Xcode 3.2";
			developmentRegion = English;
			hasScannedForEncodings = 0;
			knownRegions = (
				en,
				Base,
			);
			mainGroup = 23C330041B295373003DBFC0;
			productRefGroup = 23C3300E1B295373003DBFC0 /* Products */;
			projectDirPath = "";
			projectRoot = "";
			targets = (
				23C3300C1B295373003DBFC0 /* ParseJsonContent */,
				23C330251B295373003DBFC0 /* ParseJsonContentTests */,
			);
		};
/* End PBXProject section */

/* Begin PBXResourcesBuildPhase section */
		23C3300B1B295373003DBFC0 /* Resources */ = {
			isa = PBXResourcesBuildPhase;
			buildActionMask = 2147483647;
			files = (
				23C3301C1B295373003DBFC0 /* Main.storyboard in Resources */,
				23C330211B295373003DBFC0 /* LaunchScreen.xib in Resources */,
				23C3301E1B295373003DBFC0 /* Images.xcassets in Resources */,
			);
			runOnlyForDeploymentPostprocessing = 0;
		};
		23C330241B295373003DBFC0 /* Resources */ = {
			isa = PBXResourcesBuildPhase;
			buildActionMask = 2147483647;
			files = (
			);
			runOnlyForDeploymentPostprocessing = 0;
		};
/* End PBXResourcesBuildPhase section */

/* Begin PBXSourcesBuildPhase section */
		23C330091B295373003DBFC0 /* Sources */ = {
			isa = PBXSourcesBuildPhase;
			buildActionMask = 2147483647;
			files = (
				232628DD1B29CC1D00133678 /* ShowBigImageViewController.m in Sources */,
				23C330161B295373003DBFC0 /* AppDelegate.m in Sources */,
				232628E11B29CC5100133678 /* NSArray+Json.m in Sources */,
				23C330131B295373003DBFC0 /* main.m in Sources */,
				232628D71B29CC1400133678 /* CustomTableViewCell.m in Sources */,
				232628DE1B29CC1D00133678 /* ViewController.m in Sources */,
			);
			runOnlyForDeploymentPostprocessing = 0;
		};
		23C330221B295373003DBFC0 /* Sources */ = {
			isa = PBXSourcesBuildPhase;
			buildActionMask = 2147483647;
			files = (
				23C3302D1B295373003DBFC0 /* ParseJsonContentTests.m in Sources */,
			);
			runOnlyForDeploymentPostprocessing = 0;
		};
/* End PBXSourcesBuildPhase section */

/* Begin PBXTargetDependency section */
		23C330281B295373003DBFC0 /* PBXTargetDependency */ = {
			isa = PBXTargetDependency;
			target = 23C3300C1B295373003DBFC0 /* ParseJsonContent */;
			targetProxy = 23C330271B295373003DBFC0 /* PBXContainerItemProxy */;
		};
/* End PBXTargetDependency section */

/* Begin PBXVariantGroup section */
		23C3301A1B295373003DBFC0 /* Main.storyboard */ = {
			isa = PBXVariantGroup;
			children = (
				23C3301B1B295373003DBFC0 /* Base */,
			);
			name = Main.storyboard;
			sourceTree = "<group>";
		};
		23C3301F1B295373003DBFC0 /* LaunchScreen.xib */ = {
			isa = PBXVariantGroup;
			children = (
				23C330201B295373003DBFC0 /* Base */,
			);
			name = LaunchScreen.xib;
			sourceTree = "<group>";
		};
/* End PBXVariantGroup section */

/* Begin XCBuildConfiguration section */
		23C3302E1B295373003DBFC0 /* Debug */ = {
			isa = XCBuildConfiguration;
			buildSettings = {
				ALWAYS_SEARCH_USER_PATHS = NO;
				CLANG_CXX_LANGUAGE_STANDARD = "gnu++0x";
				CLANG_CXX_LIBRARY = "libc++";
				CLANG_ENABLE_MODULES = YES;
				CLANG_ENABLE_OBJC_ARC = YES;
				CLANG_WARN_BOOL_CONVERSION = YES;
				CLANG_WARN_CONSTANT_CONVERSION = YES;
				CLANG_WARN_DIRECT_OBJC_ISA_USAGE = YES_ERROR;
				CLANG_WARN_EMPTY_BODY = YES;
				CLANG_WARN_ENUM_CONVERSION = YES;
				CLANG_WARN_INT_CONVERSION = YES;
				CLANG_WARN_OBJC_ROOT_CLASS = YES_ERROR;
				CLANG_WARN_UNREACHABLE_CODE = YES;
				CLANG_WARN__DUPLICATE_METHOD_MATCH = YES;
				"CODE_SIGN_IDENTITY[sdk=iphoneos*]" = "iPhone Developer";
				COPY_PHASE_STRIP = NO;
				DEBUG_INFORMATION_FORMAT = "dwarf-with-dsym";
				ENABLE_STRICT_OBJC_MSGSEND = YES;
				GCC_C_LANGUAGE_STANDARD = gnu99;
				GCC_DYNAMIC_NO_PIC = NO;
				GCC_NO_COMMON_BLOCKS = YES;
				GCC_OPTIMIZATION_LEVEL = 0;
				GCC_PREPROCESSOR_DEFINITIONS = (
					"DEBUG=1",
					"$(inherited)",
				);
				GCC_SYMBOLS_PRIVATE_EXTERN = NO;
				GCC_WARN_64_TO_32_BIT_CONVERSION = YES;
				GCC_WARN_ABOUT_RETURN_TYPE = YES_ERROR;
				GCC_WARN_UNDECLARED_SELECTOR = YES;
				GCC_WARN_UNINITIALIZED_AUTOS = YES_AGGRESSIVE;
				GCC_WARN_UNUSED_FUNCTION = YES;
				GCC_WARN_UNUSED_VARIABLE = YES;
				IPHONEOS_DEPLOYMENT_TARGET = 8.3;
				MTL_ENABLE_DEBUG_INFO = YES;
				ONLY_ACTIVE_ARCH = YES;
				SDKROOT = iphoneos;
				TARGETED_DEVICE_FAMILY = "1,2";
			};
			name = Debug;
		};
		23C3302F1B295373003DBFC0 /* Release */ = {
			isa = XCBuildConfiguration;
			buildSettings = {
				ALWAYS_SEARCH_USER_PATHS = NO;
				CLANG_CXX_LANGUAGE_STANDARD = "gnu++0x";
				CLANG_CXX_LIBRARY = "libc++";
				CLANG_ENABLE_MODULES = YES;
				CLANG_ENABLE_OBJC_ARC = YES;
				CLANG_WARN_BOOL_CONVERSION = YES;
				CLANG_WARN_CONSTANT_CONVERSION = YES;
				CLANG_WARN_DIRECT_OBJC_ISA_USAGE = YES_ERROR;
				CLANG_WARN_EMPTY_BODY = YES;
				CLANG_WARN_ENUM_CONVERSION = YES;
				CLANG_WARN_INT_CONVERSION = YES;
				CLANG_WARN_OBJC_ROOT_CLASS = YES_ERROR;
				CLANG_WARN_UNREACHABLE_CODE = YES;
				CLANG_WARN__DUPLICATE_METHOD_MATCH = YES;
				"CODE_SIGN_IDENTITY[sdk=iphoneos*]" = "iPhone Developer";
				COPY_PHASE_STRIP = NO;
				DEBUG_INFORMATION_FORMAT = "dwarf-with-dsym";
				ENABLE_NS_ASSERTIONS = NO;
				ENABLE_STRICT_OBJC_MSGSEND = YES;
				GCC_C_LANGUAGE_STANDARD = gnu99;
				GCC_NO_COMMON_BLOCKS = YES;
				GCC_WARN_64_TO_32_BIT_CONVERSION = YES;
				GCC_WARN_ABOUT_RETURN_TYPE = YES_ERROR;
				GCC_WARN_UNDECLARED_SELECTOR = YES;
				GCC_WARN_UNINITIALIZED_AUTOS = YES_AGGRESSIVE;
				GCC_WARN_UNUSED_FUNCTION = YES;
				GCC_WARN_UNUSED_VARIABLE = YES;
				IPHONEOS_DEPLOYMENT_TARGET = 8.3;
				MTL_ENABLE_DEBUG_INFO = NO;
				SDKROOT = iphoneos;
				TARGETED_DEVICE_FAMILY = "1,2";
				VALIDATE_PRODUCT = YES;
			};
			name = Release;
		};
		23C330311B295373003DBFC0 /* Debug */ = {
			isa = XCBuildConfiguration;
			buildSettings = {
				ASSETCATALOG_COMPILER_APPICON_NAME = AppIcon;
				INFOPLIST_FILE = ParseJsonContent/Info.plist;
				LD_RUNPATH_SEARCH_PATHS = "$(inherited) @executable_path/Frameworks";
				PRODUCT_NAME = "$(TARGET_NAME)";
				TARGETED_DEVICE_FAMILY = 1;
			};
			name = Debug;
		};
		23C330321B295373003DBFC0 /* Release */ = {
			isa = XCBuildConfiguration;
			buildSettings = {
				ASSETCATALOG_COMPILER_APPICON_NAME = AppIcon;
				INFOPLIST_FILE = ParseJsonContent/Info.plist;
				LD_RUNPATH_SEARCH_PATHS = "$(inherited) @executable_path/Frameworks";
				PRODUCT_NAME = "$(TARGET_NAME)";
				TARGETED_DEVICE_FAMILY = 1;
			};
			name = Release;
		};
		23C330341B295373003DBFC0 /* Debug */ = {
			isa = XCBuildConfiguration;
			buildSettings = {
				BUNDLE_LOADER = "$(TEST_HOST)";
				FRAMEWORK_SEARCH_PATHS = (
					"$(SDKROOT)/Developer/Library/Frameworks",
					"$(inherited)",
				);
				GCC_PREPROCESSOR_DEFINITIONS = (
					"DEBUG=1",
					"$(inherited)",
				);
				INFOPLIST_FILE = ParseJsonContentTests/Info.plist;
				LD_RUNPATH_SEARCH_PATHS = "$(inherited) @executable_path/Frameworks @loader_path/Frameworks";
				PRODUCT_NAME = "$(TARGET_NAME)";
				TEST_HOST = "$(BUILT_PRODUCTS_DIR)/ParseJsonContent.app/ParseJsonContent";
			};
			name = Debug;
		};
		23C330351B295373003DBFC0 /* Release */ = {
			isa = XCBuildConfiguration;
			buildSettings = {
				BUNDLE_LOADER = "$(TEST_HOST)";
				FRAMEWORK_SEARCH_PATHS = (
					"$(SDKROOT)/Developer/Library/Frameworks",
					"$(inherited)",
				);
				INFOPLIST_FILE = ParseJsonContentTests/Info.plist;
				LD_RUNPATH_SEARCH_PATHS = "$(inherited) @executable_path/Frameworks @loader_path/Frameworks";
				PRODUCT_NAME = "$(TARGET_NAME)";
				TEST_HOST = "$(BUILT_PRODUCTS_DIR)/ParseJsonContent.app/ParseJsonContent";
			};
			name = Release;
		};
/* End XCBuildConfiguration section */

/* Begin XCConfigurationList section */
		23C330081B295373003DBFC0 /* Build configuration list for PBXProject "ParseJsonContent" */ = {
			isa = XCConfigurationList;
			buildConfigurations = (
				23C3302E1B295373003DBFC0 /* Debug */,
				23C3302F1B295373003DBFC0 /* Release */,
			);
			defaultConfigurationIsVisible = 0;
			defaultConfigurationName = Release;
		};
		23C330301B295373003DBFC0 /* Build configuration list for PBXNativeTarget "ParseJsonContent" */ = {
			isa = XCConfigurationList;
			buildConfigurations = (
				23C330311B295373003DBFC0 /* Debug */,
				23C330321B295373003DBFC0 /* Release */,
			);
			defaultConfigurationIsVisible = 0;
			defaultConfigurationName = Release;
		};
		23C330331B295373003DBFC0 /* Build configuration list for PBXNativeTarget "ParseJsonContentTests" */ = {
			isa = XCConfigurationList;
			buildConfigurations = (
				23C330341B295373003DBFC0 /* Debug */,
				23C330351B295373003DBFC0 /* Release */,
			);
			defaultConfigurationIsVisible = 0;
			defaultConfigurationName = Release;
		};
/* End XCConfigurationList section */
	};
	rootObject = 23C330051B295373003DBFC0 /* Project object */;
}
